
Microsoft Visual Studio Solution File, Format Version 12.00
# Visual Studio Version 16
VisualStudioVersion = 16.0.30413.136
MinimumVisualStudioVersion = 10.0.40219.1
Project("{FAE04EC0-301F-11D3-BF4B-00C04F79EFBC}") = "StockDataDownloader", "StockDataDownloader\StockDataDownloader.csproj", "{1C915D0E-A507-49F8-8A58-3DA3834D09D7}"
EndProject
Project("{FAE04EC0-301F-11D3-BF4B-00C04F79EFBC}") = "StockDataDownloaderTests", "StockDataDownloaderTests\StockDataDownloaderTests.csproj", "{9641BBAE-D2E0-4741-9028-261E5E5A65FF}"
EndProject
Global
	GlobalSection(SolutionConfigurationPlatforms) = preSolution
		Debug|Any CPU = Debug|Any CPU
		Release|Any CPU = Release|Any CPU
	EndGlobalSection
	GlobalSection(ProjectConfigurationPlatforms) = postSolution
		{1C915D0E-A507-49F8-8A58-3DA3834D09D7}.Debug|Any CPU.ActiveCfg = Debug|Any CPU
		{1C915D0E-A507-49F8-8A58-3DA3834D09D7}.Debug|Any CPU.Build.0 = Debug|Any CPU
		{1C915D0E-A507-49F8-8A58-3DA3834D09D7}.Release|Any CPU.ActiveCfg = Release|Any CPU
		{1C915D0E-A507-49F8-8A58-3DA3834D09D7}.Release|Any CPU.Build.0 = Release|Any CPU
		{9641BBAE-D2E0-4741-9028-261E5E5A65FF}.Debug|Any CPU.ActiveCfg = Debug|Any CPU
		{9641BBAE-D2E0-4741-9028-261E5E5A65FF}.Debug|Any CPU.Build.0 = Debug|Any CPU
		{9641BBAE-D2E0-4741-9028-261E5E5A65FF}.Release|Any CPU.ActiveCfg = Release|Any CPU
		{9641BBAE-D2E0-4741-9028-261E5E5A65FF}.Release|Any CPU.Build.0 = Release|Any CPU
	EndGlobalSection
	GlobalSection(SolutionProperties) = preSolution
		HideSolutionNode = FALSE
	EndGlobalSection
	GlobalSection(ExtensibilityGlobals) = postSolution
		SolutionGuid = {FCCA42F4-F1CE-4572-B1F5-D6CF2430E536}
	EndGlobalSection
EndGlobal
